
Microsoft Visual Studio Solution File, Format Version 12.00
# Visual Studio Version 17
VisualStudioVersion = 17.3.32901.215
MinimumVisualStudioVersion = 10.0.40219.1
Project("{FAE04EC0-301F-11D3-BF4B-00C04F79EFBC}") = "Array", "DayLec\Array.csproj", "{374EBB67-F8EC-4ED2-BF1F-A55FBBC30D0A}"
EndProject
Project("{FAE04EC0-301F-11D3-BF4B-00C04F79EFBC}") = "CheckAndUnchecked", "CheckAndUnchecked\CheckAndUnchecked.csproj", "{32CC0CAD-6878-48A6-8A31-9E935B2F8996}"
EndProject
Global
	GlobalSection(SolutionConfigurationPlatforms) = preSolution
		Debug|Any CPU = Debug|Any CPU
		Release|Any CPU = Release|Any CPU
	EndGlobalSection
	GlobalSection(ProjectConfigurationPlatforms) = postSolution
		{374EBB67-F8EC-4ED2-BF1F-A55FBBC30D0A}.Debug|Any CPU.ActiveCfg = Debug|Any CPU
		{374EBB67-F8EC-4ED2-BF1F-A55FBBC30D0A}.Debug|Any CPU.Build.0 = Debug|Any CPU
		{374EBB67-F8EC-4ED2-BF1F-A55FBBC30D0A}.Release|Any CPU.ActiveCfg = Release|Any CPU
		{374EBB67-F8EC-4ED2-BF1F-A55FBBC30D0A}.Release|Any CPU.Build.0 = Release|Any CPU
		{32CC0CAD-6878-48A6-8A31-9E935B2F8996}.Debug|Any CPU.ActiveCfg = Debug|Any CPU
		{32CC0CAD-6878-48A6-8A31-9E935B2F8996}.Debug|Any CPU.Build.0 = Debug|Any CPU
		{32CC0CAD-6878-48A6-8A31-9E935B2F8996}.Release|Any CPU.ActiveCfg = Release|Any CPU
		{32CC0CAD-6878-48A6-8A31-9E935B2F8996}.Release|Any CPU.Build.0 = Release|Any CPU
	EndGlobalSection
	GlobalSection(SolutionProperties) = preSolution
		HideSolutionNode = FALSE
	EndGlobalSection
	GlobalSection(ExtensibilityGlobals) = postSolution
		SolutionGuid = {417A5CE1-1554-4A79-92BF-9747CD073D32}
	EndGlobalSection
EndGlobal
